
Microsoft Visual Studio Solution File, Format Version 12.00
# Visual Studio Version 17
VisualStudioVersion = 17.4.33213.308
MinimumVisualStudioVersion = 10.0.40219.1
Project("{9A19103F-16F7-4668-BE54-9A1E7A4F7556}") = "MMR Tracker V3", "MMR Tracker V3\MMR Tracker V3.csproj", "{C0F9BEFF-09C8-4166-BDC0-915ED8BC34A4}"
EndProject
Project("{9A19103F-16F7-4668-BE54-9A1E7A4F7556}") = "Windows Form Frontend", "Windows Form Frontend\Windows Form Frontend.csproj", "{AF5298A1-5B11-4789-8574-B298445B14CD}"
EndProject
Project("{9A19103F-16F7-4668-BE54-9A1E7A4F7556}") = "TestingForm", "TestingForm\TestingForm.csproj", "{55BBF48C-F8EA-436A-ACB3-1EAE3166ED86}"
EndProject
Project("{2150E333-8FDC-42A3-9474-1A3956D46DE8}") = "Solution Items", "Solution Items", "{DD5A9DDB-40F9-44D4-9A3A-985D1164D86E}"
	ProjectSection(SolutionItems) = preProject
		.editorconfig = .editorconfig
	EndProjectSection
EndProject
Project("{9A19103F-16F7-4668-BE54-9A1E7A4F7556}") = "WebServer", "WebServer\WebServer.csproj", "{D9C8B16C-C1DD-46AF-9F93-C89A49D1F881}"
EndProject
Global
	GlobalSection(SolutionConfigurationPlatforms) = preSolution
		Debug|Any CPU = Debug|Any CPU
		Release|Any CPU = Release|Any CPU
	EndGlobalSection
	GlobalSection(ProjectConfigurationPlatforms) = postSolution
		{C0F9BEFF-09C8-4166-BDC0-915ED8BC34A4}.Debug|Any CPU.ActiveCfg = Debug|Any CPU
		{C0F9BEFF-09C8-4166-BDC0-915ED8BC34A4}.Debug|Any CPU.Build.0 = Debug|Any CPU
		{C0F9BEFF-09C8-4166-BDC0-915ED8BC34A4}.Release|Any CPU.ActiveCfg = Release|Any CPU
		{C0F9BEFF-09C8-4166-BDC0-915ED8BC34A4}.Release|Any CPU.Build.0 = Release|Any CPU
		{AF5298A1-5B11-4789-8574-B298445B14CD}.Debug|Any CPU.ActiveCfg = Debug|Any CPU
		{AF5298A1-5B11-4789-8574-B298445B14CD}.Debug|Any CPU.Build.0 = Debug|Any CPU
		{AF5298A1-5B11-4789-8574-B298445B14CD}.Release|Any CPU.ActiveCfg = Release|Any CPU
		{AF5298A1-5B11-4789-8574-B298445B14CD}.Release|Any CPU.Build.0 = Release|Any CPU
		{55BBF48C-F8EA-436A-ACB3-1EAE3166ED86}.Debug|Any CPU.ActiveCfg = Debug|Any CPU
		{55BBF48C-F8EA-436A-ACB3-1EAE3166ED86}.Debug|Any CPU.Build.0 = Debug|Any CPU
		{55BBF48C-F8EA-436A-ACB3-1EAE3166ED86}.Release|Any CPU.ActiveCfg = Release|Any CPU
		{55BBF48C-F8EA-436A-ACB3-1EAE3166ED86}.Release|Any CPU.Build.0 = Release|Any CPU
		{D9C8B16C-C1DD-46AF-9F93-C89A49D1F881}.Debug|Any CPU.ActiveCfg = Debug|Any CPU
		{D9C8B16C-C1DD-46AF-9F93-C89A49D1F881}.Debug|Any CPU.Build.0 = Debug|Any CPU
		{D9C8B16C-C1DD-46AF-9F93-C89A49D1F881}.Release|Any CPU.ActiveCfg = Release|Any CPU
		{D9C8B16C-C1DD-46AF-9F93-C89A49D1F881}.Release|Any CPU.Build.0 = Release|Any CPU
	EndGlobalSection
	GlobalSection(SolutionProperties) = preSolution
		HideSolutionNode = FALSE
	EndGlobalSection
	GlobalSection(ExtensibilityGlobals) = postSolution
		SolutionGuid = {0B175FDB-6EEE-4FF6-A618-EE569889096C}
	EndGlobalSection
EndGlobal
